// !$*UTF8*$!
{
	archiveVersion = 1;
	classes = {
	};
	objectVersion = 45;
	objects = {

/* Begin PBXBuildFile section */
		660087AE1057C88F0013DF46 /* Whitelist.plist in Resources */ = {isa = PBXBuildFile; fileRef = 660087AD1057C88F0013DF46 /* Whitelist.plist */; };
		660087AF1057C88F0013DF46 /* Whitelist.plist in Resources */ = {isa = PBXBuildFile; fileRef = 660087AD1057C88F0013DF46 /* Whitelist.plist */; };
		660087B01057C88F0013DF46 /* Whitelist.plist in Resources */ = {isa = PBXBuildFile; fileRef = 660087AD1057C88F0013DF46 /* Whitelist.plist */; };
		6602E67D104539FE004CED12 /* Commands_operators.m in Sources */ = {isa = PBXBuildFile; fileRef = 6602E67C104539FE004CED12 /* Commands_operators.m */; };
		6602E67F104539FE004CED12 /* Commands_operators.m in Sources */ = {isa = PBXBuildFile; fileRef = 6602E67C104539FE004CED12 /* Commands_operators.m */; };
		6602E7B4104625ED004CED12 /* Commands_operators.m in Sources */ = {isa = PBXBuildFile; fileRef = 6602E67C104539FE004CED12 /* Commands_operators.m */; };
		6602E7B5104625ED004CED12 /* Commands.m in Sources */ = {isa = PBXBuildFile; fileRef = 669B28981042AE9D00864429 /* Commands.m */; };
		6602E7B6104625ED004CED12 /* Commands_implementation.m in Sources */ = {isa = PBXBuildFile; fileRef = 669B289A1042AE9D00864429 /* Commands_implementation.m */; };
		6602E7B7104625ED004CED12 /* NSTextView_vImputManager.m in Sources */ = {isa = PBXBuildFile; fileRef = 66414092103451F70017985F /* NSTextView_vImputManager.m */; };
		6641409C103454580017985F /* Logger.m in Sources */ = {isa = PBXBuildFile; fileRef = 6641409B103454580017985F /* Logger.m */; };
		664140F61034730E0017985F /* InfoPlist.strings in Resources */ = {isa = PBXBuildFile; fileRef = 664140F0103472B30017985F /* InfoPlist.strings */; };
		664140F7103473130017985F /* MainMenu.xib in Resources */ = {isa = PBXBuildFile; fileRef = 664140F2103472B30017985F /* MainMenu.xib */; };
		664140F8103473240017985F /* main.m in Sources */ = {isa = PBXBuildFile; fileRef = 664140EE103472970017985F /* main.m */; };
		664140F91034732E0017985F /* Cocoa.framework in Frameworks */ = {isa = PBXBuildFile; fileRef = 1058C7ADFEA557BF11CA2CBB /* Cocoa.framework */; };
		664141081034736E0017985F /* NSTextView_vImputManager.m in Sources */ = {isa = PBXBuildFile; fileRef = 66414092103451F70017985F /* NSTextView_vImputManager.m */; };
		664141091034736E0017985F /* Logger.m in Sources */ = {isa = PBXBuildFile; fileRef = 6641409B103454580017985F /* Logger.m */; };
		66414138103478750017985F /* PseudoController.m in Sources */ = {isa = PBXBuildFile; fileRef = 66414137103478750017985F /* PseudoController.m */; };
		669B289D1042AE9D00864429 /* Commands.m in Sources */ = {isa = PBXBuildFile; fileRef = 669B28981042AE9D00864429 /* Commands.m */; };
		669B289E1042AE9D00864429 /* Commands_implementation.m in Sources */ = {isa = PBXBuildFile; fileRef = 669B289A1042AE9D00864429 /* Commands_implementation.m */; };
		669B29261042B60500864429 /* ViCommandsTests.m in Sources */ = {isa = PBXBuildFile; fileRef = 669B28C31042B00900864429 /* ViCommandsTests.m */; };
		669B293F1042BD8600864429 /* Commands.m in Sources */ = {isa = PBXBuildFile; fileRef = 669B28981042AE9D00864429 /* Commands.m */; };
		669B29401042BD8600864429 /* Commands_implementation.m in Sources */ = {isa = PBXBuildFile; fileRef = 669B289A1042AE9D00864429 /* Commands_implementation.m */; };
		669B29411042BD8600864429 /* Logger.m in Sources */ = {isa = PBXBuildFile; fileRef = 6641409B103454580017985F /* Logger.m */; };
		669CE9AB10339C0900FDAD13 /* BundlePrincipal.m in Sources */ = {isa = PBXBuildFile; fileRef = 669CE9AA10339C0900FDAD13 /* BundlePrincipal.m */; };
		8D5B49B0048680CD000E48DA /* InfoPlist.strings in Resources */ = {isa = PBXBuildFile; fileRef = 089C167DFE841241C02AAC07 /* InfoPlist.strings */; };
		8D5B49B4048680CD000E48DA /* Cocoa.framework in Frameworks */ = {isa = PBXBuildFile; fileRef = 1058C7ADFEA557BF11CA2CBB /* Cocoa.framework */; };
/* End PBXBuildFile section */

/* Begin PBXFileReference section */
		089C1672FE841209C02AAC07 /* Foundation.framework */ = {isa = PBXFileReference; lastKnownFileType = wrapper.framework; name = Foundation.framework; path = /System/Library/Frameworks/Foundation.framework; sourceTree = "<absolute>"; };
		089C167EFE841241C02AAC07 /* English */ = {isa = PBXFileReference; fileEncoding = 10; lastKnownFileType = text.plist.strings; name = English; path = English.lproj/InfoPlist.strings; sourceTree = "<group>"; };
		089C167FFE841241C02AAC07 /* AppKit.framework */ = {isa = PBXFileReference; lastKnownFileType = wrapper.framework; name = AppKit.framework; path = /System/Library/Frameworks/AppKit.framework; sourceTree = "<absolute>"; };
		1058C7ADFEA557BF11CA2CBB /* Cocoa.framework */ = {isa = PBXFileReference; lastKnownFileType = wrapper.framework; name = Cocoa.framework; path = /System/Library/Frameworks/Cocoa.framework; sourceTree = "<absolute>"; };
		32DBCF630370AF2F00C91783 /* vImputManager_Prefix.pch */ = {isa = PBXFileReference; fileEncoding = 4; lastKnownFileType = sourcecode.c.h; path = vImputManager_Prefix.pch; sourceTree = "<group>"; };
		660087AD1057C88F0013DF46 /* Whitelist.plist */ = {isa = PBXFileReference; fileEncoding = 4; lastKnownFileType = text.plist.xml; path = Whitelist.plist; sourceTree = "<group>"; };
		6602E67B104539FE004CED12 /* Commands_operators.h */ = {isa = PBXFileReference; fileEncoding = 4; lastKnownFileType = sourcecode.c.h; path = Commands_operators.h; sourceTree = "<group>"; };
		6602E67C104539FE004CED12 /* Commands_operators.m */ = {isa = PBXFileReference; fileEncoding = 4; lastKnownFileType = sourcecode.c.objc; path = Commands_operators.m; sourceTree = "<group>"; };
		662C4E45103A1B81003DF4B9 /* Info.template */ = {isa = PBXFileReference; fileEncoding = 4; lastKnownFileType = text.xml; name = Info.template; path = doc/Info.template; sourceTree = "<group>"; };
		662C4E46103A1B81003DF4B9 /* inputmanager.txt */ = {isa = PBXFileReference; fileEncoding = 4; lastKnownFileType = text; name = inputmanager.txt; path = doc/inputmanager.txt; sourceTree = "<group>"; };
		662C4E47103A1B81003DF4B9 /* ipc.txt */ = {isa = PBXFileReference; fileEncoding = 4; lastKnownFileType = text; name = ipc.txt; path = doc/ipc.txt; sourceTree = "<group>"; };
		662C4E49103A1B81003DF4B9 /* statusbar.txt */ = {isa = PBXFileReference; fileEncoding = 4; lastKnownFileType = text; name = statusbar.txt; path = doc/statusbar.txt; sourceTree = "<group>"; };
		66414091103451F70017985F /* NSTextView_vImputManager.h */ = {isa = PBXFileReference; fileEncoding = 4; lastKnownFileType = sourcecode.c.h; path = NSTextView_vImputManager.h; sourceTree = "<group>"; };
		66414092103451F70017985F /* NSTextView_vImputManager.m */ = {isa = PBXFileReference; fileEncoding = 4; lastKnownFileType = sourcecode.c.objc; path = NSTextView_vImputManager.m; sourceTree = "<group>"; };
		6641409A103454580017985F /* Logger.h */ = {isa = PBXFileReference; fileEncoding = 4; lastKnownFileType = sourcecode.c.h; path = Logger.h; sourceTree = "<group>"; };
		6641409B103454580017985F /* Logger.m */ = {isa = PBXFileReference; fileEncoding = 4; lastKnownFileType = sourcecode.c.objc; path = Logger.m; sourceTree = "<group>"; };
		664140C710346FEE0017985F /* TestApplication.app */ = {isa = PBXFileReference; explicitFileType = wrapper.application; includeInIndex = 0; path = TestApplication.app; sourceTree = BUILT_PRODUCTS_DIR; };
		664140C910346FEE0017985F /* TestApplication-Info.plist */ = {isa = PBXFileReference; lastKnownFileType = text.plist.xml; path = "TestApplication-Info.plist"; sourceTree = "<group>"; };
		664140EE103472970017985F /* main.m */ = {isa = PBXFileReference; fileEncoding = 4; lastKnownFileType = sourcecode.c.objc; name = main.m; path = TestApplication/main.m; sourceTree = "<group>"; };
		664140F1103472B30017985F /* English */ = {isa = PBXFileReference; fileEncoding = 4; lastKnownFileType = text.plist.strings; name = English; path = TestApplication/English.lproj/InfoPlist.strings; sourceTree = "<group>"; };
		664140F3103472B30017985F /* English */ = {isa = PBXFileReference; lastKnownFileType = file.xib; name = English; path = TestApplication/English.lproj/MainMenu.xib; sourceTree = "<group>"; };
		66414136103478750017985F /* PseudoController.h */ = {isa = PBXFileReference; fileEncoding = 4; lastKnownFileType = sourcecode.c.h; name = PseudoController.h; path = TestApplication/PseudoController.h; sourceTree = "<group>"; };
		66414137103478750017985F /* PseudoController.m */ = {isa = PBXFileReference; fileEncoding = 4; lastKnownFileType = sourcecode.c.objc; name = PseudoController.m; path = TestApplication/PseudoController.m; sourceTree = "<group>"; };
		669B28971042AE9D00864429 /* Commands.h */ = {isa = PBXFileReference; fileEncoding = 4; lastKnownFileType = sourcecode.c.h; path = Commands.h; sourceTree = "<group>"; };
		669B28981042AE9D00864429 /* Commands.m */ = {isa = PBXFileReference; fileEncoding = 4; lastKnownFileType = sourcecode.c.objc; path = Commands.m; sourceTree = "<group>"; };
		669B28991042AE9D00864429 /* Commands_implementation.h */ = {isa = PBXFileReference; fileEncoding = 4; lastKnownFileType = sourcecode.c.h; path = Commands_implementation.h; sourceTree = "<group>"; };
		669B289A1042AE9D00864429 /* Commands_implementation.m */ = {isa = PBXFileReference; fileEncoding = 4; lastKnownFileType = sourcecode.c.objc; path = Commands_implementation.m; sourceTree = "<group>"; };
		669B289B1042AE9D00864429 /* Commands_private.h */ = {isa = PBXFileReference; fileEncoding = 4; lastKnownFileType = sourcecode.c.h; path = Commands_private.h; sourceTree = "<group>"; };
		669B289C1042AE9D00864429 /* Commands_table.h */ = {isa = PBXFileReference; fileEncoding = 4; lastKnownFileType = sourcecode.c.h; path = Commands_table.h; sourceTree = "<group>"; };
		669B28C21042B00900864429 /* ViCommandsTests.h */ = {isa = PBXFileReference; fileEncoding = 4; lastKnownFileType = sourcecode.c.h; path = ViCommandsTests.h; sourceTree = "<group>"; };
		669B28C31042B00900864429 /* ViCommandsTests.m */ = {isa = PBXFileReference; fileEncoding = 4; lastKnownFileType = sourcecode.c.objc; path = ViCommandsTests.m; sourceTree = "<group>"; };
		669B29211042B5EF00864429 /* Testing.octest */ = {isa = PBXFileReference; explicitFileType = wrapper.cfbundle; includeInIndex = 0; path = Testing.octest; sourceTree = BUILT_PRODUCTS_DIR; };
		669B29221042B5EF00864429 /* Testing-Info.plist */ = {isa = PBXFileReference; lastKnownFileType = text.plist.xml; path = "Testing-Info.plist"; sourceTree = "<group>"; };
		669CE9A910339C0900FDAD13 /* BundlePrincipal.h */ = {isa = PBXFileReference; fileEncoding = 4; lastKnownFileType = sourcecode.c.h; path = BundlePrincipal.h; sourceTree = "<group>"; };
		669CE9AA10339C0900FDAD13 /* BundlePrincipal.m */ = {isa = PBXFileReference; fileEncoding = 4; lastKnownFileType = sourcecode.c.objc; path = BundlePrincipal.m; sourceTree = "<group>"; };
		8D5B49B6048680CD000E48DA /* vImputManager.bundle */ = {isa = PBXFileReference; explicitFileType = wrapper.cfbundle; includeInIndex = 0; path = vImputManager.bundle; sourceTree = BUILT_PRODUCTS_DIR; };
		8D5B49B7048680CD000E48DA /* Info.plist */ = {isa = PBXFileReference; fileEncoding = 4; lastKnownFileType = text.plist.xml; path = Info.plist; sourceTree = "<group>"; };
		D2F7E65807B2D6F200F64583 /* CoreData.framework */ = {isa = PBXFileReference; lastKnownFileType = wrapper.framework; name = CoreData.framework; path = /System/Library/Frameworks/CoreData.framework; sourceTree = "<absolute>"; };
/* End PBXFileReference section */

/* Begin PBXFrameworksBuildPhase section */
		664140C510346FEE0017985F /* Frameworks */ = {
			isa = PBXFrameworksBuildPhase;
			buildActionMask = 2147483647;
			files = (
				664140F91034732E0017985F /* Cocoa.framework in Frameworks */,
			);
			runOnlyForDeploymentPostprocessing = 0;
		};
		669B291E1042B5EF00864429 /* Frameworks */ = {
			isa = PBXFrameworksBuildPhase;
			buildActionMask = 2147483647;
			files = (
			);
			runOnlyForDeploymentPostprocessing = 0;
		};
		8D5B49B3048680CD000E48DA /* Frameworks */ = {
			isa = PBXFrameworksBuildPhase;
			buildActionMask = 2147483647;
			files = (
				8D5B49B4048680CD000E48DA /* Cocoa.framework in Frameworks */,
			);
			runOnlyForDeploymentPostprocessing = 0;
		};
/* End PBXFrameworksBuildPhase section */

/* Begin PBXGroup section */
		089C166AFE841209C02AAC07 /* vImputManager */ = {
			isa = PBXGroup;
			children = (
				669B28C11042AFE800864429 /* Testing */,
				08FB77AFFE84173DC02AAC07 /* Classes */,
				32C88E010371C26100C91783 /* Other Sources */,
				089C167CFE841241C02AAC07 /* Resources */,
				6697F56510391758007CA72C /* Documentation */,
				089C1671FE841209C02AAC07 /* Frameworks and Libraries */,
				19C28FB8FE9D52D311CA2CBB /* Products */,
				664140D31034701D0017985F /* TestApplication */,
				664140C910346FEE0017985F /* TestApplication-Info.plist */,
				669B29221042B5EF00864429 /* Testing-Info.plist */,
			);
			name = vImputManager;
			sourceTree = "<group>";
		};
		089C1671FE841209C02AAC07 /* Frameworks and Libraries */ = {
			isa = PBXGroup;
			children = (
				1058C7ACFEA557BF11CA2CBB /* Linked Frameworks */,
				1058C7AEFEA557BF11CA2CBB /* Other Frameworks */,
			);
			name = "Frameworks and Libraries";
			sourceTree = "<group>";
		};
		089C167CFE841241C02AAC07 /* Resources */ = {
			isa = PBXGroup;
			children = (
				660087AD1057C88F0013DF46 /* Whitelist.plist */,
				8D5B49B7048680CD000E48DA /* Info.plist */,
				089C167DFE841241C02AAC07 /* InfoPlist.strings */,
			);
			name = Resources;
			sourceTree = "<group>";
		};
		08FB77AFFE84173DC02AAC07 /* Classes */ = {
			isa = PBXGroup;
			children = (
				6602E67B104539FE004CED12 /* Commands_operators.h */,
				6602E67C104539FE004CED12 /* Commands_operators.m */,
				669B28971042AE9D00864429 /* Commands.h */,
				669B28981042AE9D00864429 /* Commands.m */,
				669B28991042AE9D00864429 /* Commands_implementation.h */,
				669B289A1042AE9D00864429 /* Commands_implementation.m */,
				669B289B1042AE9D00864429 /* Commands_private.h */,
				669B289C1042AE9D00864429 /* Commands_table.h */,
				669CE9A910339C0900FDAD13 /* BundlePrincipal.h */,
				669CE9AA10339C0900FDAD13 /* BundlePrincipal.m */,
				66414091103451F70017985F /* NSTextView_vImputManager.h */,
				66414092103451F70017985F /* NSTextView_vImputManager.m */,
				6641409A103454580017985F /* Logger.h */,
				6641409B103454580017985F /* Logger.m */,
			);
			name = Classes;
			sourceTree = "<group>";
		};
		1058C7ACFEA557BF11CA2CBB /* Linked Frameworks */ = {
			isa = PBXGroup;
			children = (
				1058C7ADFEA557BF11CA2CBB /* Cocoa.framework */,
			);
			name = "Linked Frameworks";
			sourceTree = "<group>";
		};
		1058C7AEFEA557BF11CA2CBB /* Other Frameworks */ = {
			isa = PBXGroup;
			children = (
				089C167FFE841241C02AAC07 /* AppKit.framework */,
				D2F7E65807B2D6F200F64583 /* CoreData.framework */,
				089C1672FE841209C02AAC07 /* Foundation.framework */,
			);
			name = "Other Frameworks";
			sourceTree = "<group>";
		};
		19C28FB8FE9D52D311CA2CBB /* Products */ = {
			isa = PBXGroup;
			children = (
				8D5B49B6048680CD000E48DA /* vImputManager.bundle */,
				664140C710346FEE0017985F /* TestApplication.app */,
				669B29211042B5EF00864429 /* Testing.octest */,
			);
			name = Products;
			sourceTree = "<group>";
		};
		32C88E010371C26100C91783 /* Other Sources */ = {
			isa = PBXGroup;
			children = (
				32DBCF630370AF2F00C91783 /* vImputManager_Prefix.pch */,
			);
			name = "Other Sources";
			sourceTree = "<group>";
		};
		664140D31034701D0017985F /* TestApplication */ = {
			isa = PBXGroup;
			children = (
				66414136103478750017985F /* PseudoController.h */,
				66414137103478750017985F /* PseudoController.m */,
				664140F0103472B30017985F /* InfoPlist.strings */,
				664140F2103472B30017985F /* MainMenu.xib */,
				664140EE103472970017985F /* main.m */,
			);
			name = TestApplication;
			sourceTree = "<group>";
		};
		6697F56510391758007CA72C /* Documentation */ = {
			isa = PBXGroup;
			children = (
				662C4E45103A1B81003DF4B9 /* Info.template */,
				662C4E46103A1B81003DF4B9 /* inputmanager.txt */,
				662C4E47103A1B81003DF4B9 /* ipc.txt */,
				662C4E49103A1B81003DF4B9 /* statusbar.txt */,
			);
			name = Documentation;
			sourceTree = "<group>";
		};
		669B28C11042AFE800864429 /* Testing */ = {
			isa = PBXGroup;
			children = (
				669B28C21042B00900864429 /* ViCommandsTests.h */,
				669B28C31042B00900864429 /* ViCommandsTests.m */,
			);
			name = Testing;
			sourceTree = "<group>";
		};
/* End PBXGroup section */

/* Begin PBXNativeTarget section */
		664140C610346FEE0017985F /* TestApplication */ = {
			isa = PBXNativeTarget;
			buildConfigurationList = 664140CC10346FEF0017985F /* Build configuration list for PBXNativeTarget "TestApplication" */;
			buildPhases = (
				664140C310346FEE0017985F /* Resources */,
				664140C410346FEE0017985F /* Sources */,
				664140C510346FEE0017985F /* Frameworks */,
			);
			buildRules = (
			);
			dependencies = (
			);
			name = TestApplication;
			productName = TestApplication;
			productReference = 664140C710346FEE0017985F /* TestApplication.app */;
			productType = "com.apple.product-type.application";
		};
		669B29201042B5EF00864429 /* Testing */ = {
			isa = PBXNativeTarget;
			buildConfigurationList = 669B29251042B5F000864429 /* Build configuration list for PBXNativeTarget "Testing" */;
			buildPhases = (
				669B291C1042B5EF00864429 /* Resources */,
				669B291D1042B5EF00864429 /* Sources */,
				669B291E1042B5EF00864429 /* Frameworks */,
				669B291F1042B5EF00864429 /* ShellScript */,
			);
			buildRules = (
			);
			dependencies = (
			);
			name = Testing;
			productName = Testing;
			productReference = 669B29211042B5EF00864429 /* Testing.octest */;
			productType = "com.apple.product-type.bundle";
		};
		8D5B49AC048680CD000E48DA /* vImputManager */ = {
			isa = PBXNativeTarget;
			buildConfigurationList = 1DEB913A08733D840010E9CD /* Build configuration list for PBXNativeTarget "vImputManager" */;
			buildPhases = (
				8D5B49AF048680CD000E48DA /* Resources */,
				8D5B49B1048680CD000E48DA /* Sources */,
				8D5B49B3048680CD000E48DA /* Frameworks */,
			);
			buildRules = (
			);
			dependencies = (
			);
			name = vImputManager;
			productInstallPath = "$(HOME)/Library/Bundles";
			productName = vImputManager;
			productReference = 8D5B49B6048680CD000E48DA /* vImputManager.bundle */;
			productType = "com.apple.product-type.bundle";
		};
/* End PBXNativeTarget section */

/* Begin PBXProject section */
		089C1669FE841209C02AAC07 /* Project object */ = {
			isa = PBXProject;
			buildConfigurationList = 1DEB913E08733D840010E9CD /* Build configuration list for PBXProject "vImputManager" */;
			compatibilityVersion = "Xcode 3.1";
			hasScannedForEncodings = 1;
			mainGroup = 089C166AFE841209C02AAC07 /* vImputManager */;
			projectDirPath = "";
			projectRoot = "";
			targets = (
				8D5B49AC048680CD000E48DA /* vImputManager */,
				664140C610346FEE0017985F /* TestApplication */,
				669B29201042B5EF00864429 /* Testing */,
			);
		};
/* End PBXProject section */

/* Begin PBXResourcesBuildPhase section */
		664140C310346FEE0017985F /* Resources */ = {
			isa = PBXResourcesBuildPhase;
			buildActionMask = 2147483647;
			files = (
				664140F7103473130017985F /* MainMenu.xib in Resources */,
				664140F61034730E0017985F /* InfoPlist.strings in Resources */,
				660087AF1057C88F0013DF46 /* Whitelist.plist in Resources */,
			);
			runOnlyForDeploymentPostprocessing = 0;
		};
		669B291C1042B5EF00864429 /* Resources */ = {
			isa = PBXResourcesBuildPhase;
			buildActionMask = 2147483647;
			files = (
				660087AE1057C88F0013DF46 /* Whitelist.plist in Resources */,
			);
			runOnlyForDeploymentPostprocessing = 0;
		};
		8D5B49AF048680CD000E48DA /* Resources */ = {
			isa = PBXResourcesBuildPhase;
			buildActionMask = 2147483647;
			files = (
				8D5B49B0048680CD000E48DA /* InfoPlist.strings in Resources */,
				660087B01057C88F0013DF46 /* Whitelist.plist in Resources */,
			);
			runOnlyForDeploymentPostprocessing = 0;
		};
/* End PBXResourcesBuildPhase section */

/* Begin PBXShellScriptBuildPhase section */
		669B291F1042B5EF00864429 /* ShellScript */ = {
			isa = PBXShellScriptBuildPhase;
			buildActionMask = 2147483647;
			files = (
			);
			inputPaths = (
			);
			outputPaths = (
			);
			runOnlyForDeploymentPostprocessing = 0;
			shellPath = /bin/sh;
			shellScript = "# Run the unit tests in this test bundle.\n\"${SYSTEM_DEVELOPER_DIR}/Tools/RunUnitTests\"\n";
		};
/* End PBXShellScriptBuildPhase section */

/* Begin PBXSourcesBuildPhase section */
		664140C410346FEE0017985F /* Sources */ = {
			isa = PBXSourcesBuildPhase;
			buildActionMask = 2147483647;
			files = (
				664141081034736E0017985F /* NSTextView_vImputManager.m in Sources */,
				664141091034736E0017985F /* Logger.m in Sources */,
				664140F8103473240017985F /* main.m in Sources */,
				66414138103478750017985F /* PseudoController.m in Sources */,
				669B289D1042AE9D00864429 /* Commands.m in Sources */,
				669B289E1042AE9D00864429 /* Commands_implementation.m in Sources */,
				6602E67D104539FE004CED12 /* Commands_operators.m in Sources */,
			);
			runOnlyForDeploymentPostprocessing = 0;
		};
		669B291D1042B5EF00864429 /* Sources */ = {
			isa = PBXSourcesBuildPhase;
			buildActionMask = 2147483647;
			files = (
				669B293F1042BD8600864429 /* Commands.m in Sources */,
				669B29401042BD8600864429 /* Commands_implementation.m in Sources */,
				669B29411042BD8600864429 /* Logger.m in Sources */,
				669B29261042B60500864429 /* ViCommandsTests.m in Sources */,
				6602E67F104539FE004CED12 /* Commands_operators.m in Sources */,
			);
			runOnlyForDeploymentPostprocessing = 0;
		};
		8D5B49B1048680CD000E48DA /* Sources */ = {
			isa = PBXSourcesBuildPhase;
			buildActionMask = 2147483647;
			files = (
				6602E7B4104625ED004CED12 /* Commands_operators.m in Sources */,
				6602E7B5104625ED004CED12 /* Commands.m in Sources */,
				6602E7B6104625ED004CED12 /* Commands_implementation.m in Sources */,
				6602E7B7104625ED004CED12 /* NSTextView_vImputManager.m in Sources */,
				669CE9AB10339C0900FDAD13 /* BundlePrincipal.m in Sources */,
				6641409C103454580017985F /* Logger.m in Sources */,
			);
			runOnlyForDeploymentPostprocessing = 0;
		};
/* End PBXSourcesBuildPhase section */

/* Begin PBXVariantGroup section */
		089C167DFE841241C02AAC07 /* InfoPlist.strings */ = {
			isa = PBXVariantGroup;
			children = (
				089C167EFE841241C02AAC07 /* English */,
			);
			name = InfoPlist.strings;
			sourceTree = "<group>";
		};
		664140F0103472B30017985F /* InfoPlist.strings */ = {
			isa = PBXVariantGroup;
			children = (
				664140F1103472B30017985F /* English */,
			);
			name = InfoPlist.strings;
			sourceTree = "<group>";
		};
		664140F2103472B30017985F /* MainMenu.xib */ = {
			isa = PBXVariantGroup;
			children = (
				664140F3103472B30017985F /* English */,
			);
			name = MainMenu.xib;
			sourceTree = "<group>";
		};
/* End PBXVariantGroup section */

/* Begin XCBuildConfiguration section */
		1DEB913B08733D840010E9CD /* Debug */ = {
			isa = XCBuildConfiguration;
			buildSettings = {
				ALWAYS_SEARCH_USER_PATHS = NO;
				COPY_PHASE_STRIP = NO;
				GCC_DYNAMIC_NO_PIC = NO;
				GCC_ENABLE_FIX_AND_CONTINUE = YES;
				GCC_ENABLE_OBJC_GC = supported;
				GCC_MODEL_TUNING = G5;
				GCC_OPTIMIZATION_LEVEL = 0;
				GCC_PRECOMPILE_PREFIX_HEADER = YES;
				GCC_PREFIX_HEADER = vImputManager_Prefix.pch;
				INFOPLIST_FILE = Info.plist;
				INSTALL_PATH = "$(HOME)/Library/Bundles";
				PRODUCT_NAME = vImputManager;
				WRAPPER_EXTENSION = bundle;
			};
			name = Debug;
		};
		1DEB913C08733D840010E9CD /* Release */ = {
			isa = XCBuildConfiguration;
			buildSettings = {
				ALWAYS_SEARCH_USER_PATHS = NO;
				DEBUG_INFORMATION_FORMAT = "dwarf-with-dsym";
				GCC_ENABLE_OBJC_GC = supported;
				GCC_MODEL_TUNING = G5;
				GCC_PRECOMPILE_PREFIX_HEADER = YES;
				GCC_PREFIX_HEADER = vImputManager_Prefix.pch;
				INFOPLIST_FILE = Info.plist;
				INSTALL_PATH = "$(HOME)/Library/Bundles";
				PRODUCT_NAME = vImputManager;
				WRAPPER_EXTENSION = bundle;
			};
			name = Release;
		};
		1DEB913F08733D840010E9CD /* Debug */ = {
			isa = XCBuildConfiguration;
			buildSettings = {
				ARCHS = "$(ARCHS_STANDARD_32_BIT)";
				GCC_C_LANGUAGE_STANDARD = c99;
				GCC_OPTIMIZATION_LEVEL = 0;
				GCC_WARN_ABOUT_RETURN_TYPE = YES;
				GCC_WARN_UNUSED_VARIABLE = YES;
				ONLY_ACTIVE_ARCH = YES;
				PREBINDING = NO;
				SDKROOT = macosx10.5;
			};
			name = Debug;
		};
		1DEB914008733D840010E9CD /* Release */ = {
			isa = XCBuildConfiguration;
			buildSettings = {
				ARCHS = "$(ARCHS_STANDARD_32_BIT)";
				GCC_C_LANGUAGE_STANDARD = c99;
				GCC_WARN_ABOUT_RETURN_TYPE = YES;
				GCC_WARN_UNUSED_VARIABLE = YES;
				PREBINDING = NO;
				SDKROOT = macosx10.5;
			};
			name = Release;
		};
		664140CA10346FEF0017985F /* Debug */ = {
			isa = XCBuildConfiguration;
			buildSettings = {
				ALWAYS_SEARCH_USER_PATHS = NO;
				COPY_PHASE_STRIP = NO;
				GCC_DYNAMIC_NO_PIC = NO;
				GCC_ENABLE_FIX_AND_CONTINUE = YES;
				GCC_MODEL_TUNING = G5;
				GCC_OPTIMIZATION_LEVEL = 0;
				GCC_PRECOMPILE_PREFIX_HEADER = YES;
				GCC_PREFIX_HEADER = "$(SYSTEM_LIBRARY_DIR)/Frameworks/AppKit.framework/Headers/AppKit.h";
				GCC_PREPROCESSOR_DEFINITIONS_NOT_USED_IN_PRECOMPS = BUILD_FOR_TEST_APPLICATION;
				INFOPLIST_FILE = "TestApplication-Info.plist";
				INSTALL_PATH = "$(HOME)/Applications";
				OTHER_LDFLAGS = (
					"-framework",
					Foundation,
					"-framework",
					AppKit,
				);
				PREBINDING = NO;
				PRODUCT_NAME = TestApplication;
			};
			name = Debug;
		};
		664140CB10346FEF0017985F /* Release */ = {
			isa = XCBuildConfiguration;
			buildSettings = {
				ALWAYS_SEARCH_USER_PATHS = NO;
				COPY_PHASE_STRIP = YES;
				DEBUG_INFORMATION_FORMAT = "dwarf-with-dsym";
				GCC_ENABLE_FIX_AND_CONTINUE = NO;
				GCC_MODEL_TUNING = G5;
				GCC_PRECOMPILE_PREFIX_HEADER = YES;
				GCC_PREFIX_HEADER = "$(SYSTEM_LIBRARY_DIR)/Frameworks/AppKit.framework/Headers/AppKit.h";
				GCC_PREPROCESSOR_DEFINITIONS_NOT_USED_IN_PRECOMPS = BUILD_FOR_TEST_APPLICATION;
				INFOPLIST_FILE = "TestApplication-Info.plist";
				INSTALL_PATH = "$(HOME)/Applications";
				OTHER_LDFLAGS = (
					"-framework",
					Foundation,
					"-framework",
					AppKit,
				);
				PREBINDING = NO;
				PRODUCT_NAME = TestApplication;
				ZERO_LINK = NO;
			};
			name = Release;
		};
		669B29231042B5F000864429 /* Debug */ = {
			isa = XCBuildConfiguration;
			buildSettings = {
				ALWAYS_SEARCH_USER_PATHS = NO;
				COPY_PHASE_STRIP = NO;
				FRAMEWORK_SEARCH_PATHS = "$(DEVELOPER_LIBRARY_DIR)/Frameworks";
				GCC_DYNAMIC_NO_PIC = NO;
				GCC_ENABLE_FIX_AND_CONTINUE = NO;
				GCC_ENABLE_OBJC_EXCEPTIONS = YES;
				GCC_MODEL_TUNING = G5;
				GCC_OPTIMIZATION_LEVEL = 0;
				GCC_PRECOMPILE_PREFIX_HEADER = YES;
				GCC_PREFIX_HEADER = "$(SYSTEM_LIBRARY_DIR)/Frameworks/Cocoa.framework/Headers/Cocoa.h";
				GCC_PREPROCESSOR_DEFINITIONS_NOT_USED_IN_PRECOMPS = BUILD_FOR_TEST_APPLICATION;
				INFOPLIST_FILE = "Testing-Info.plist";
				INSTALL_PATH = "$(USER_LIBRARY_DIR)/Bundles";
				OTHER_LDFLAGS = (
					"-framework",
					Cocoa,
					"-framework",
					SenTestingKit,
				);
				PREBINDING = NO;
				PRODUCT_NAME = Testing;
				WRAPPER_EXTENSION = octest;
			};
			name = Debug;
		};
		669B29241042B5F000864429 /* Release */ = {
			isa = XCBuildConfiguration;
			buildSettings = {
				ALWAYS_SEARCH_USER_PATHS = NO;
				COPY_PHASE_STRIP = YES;
				DEBUG_INFORMATION_FORMAT = "dwarf-with-dsym";
				FRAMEWORK_SEARCH_PATHS = "$(DEVELOPER_LIBRARY_DIR)/Frameworks";
				GCC_ENABLE_FIX_AND_CONTINUE = NO;
				GCC_ENABLE_OBJC_EXCEPTIONS = YES;
				GCC_MODEL_TUNING = G5;
				GCC_PRECOMPILE_PREFIX_HEADER = YES;
				GCC_PREFIX_HEADER = "$(SYSTEM_LIBRARY_DIR)/Frameworks/Cocoa.framework/Headers/Cocoa.h";
				GCC_PREPROCESSOR_DEFINITIONS_NOT_USED_IN_PRECOMPS = BUILD_FOR_TEST_APPLICATION;
				INFOPLIST_FILE = "Testing-Info.plist";
				INSTALL_PATH = "$(USER_LIBRARY_DIR)/Bundles";
				OTHER_LDFLAGS = (
					"-framework",
					Cocoa,
					"-framework",
					SenTestingKit,
				);
				PREBINDING = NO;
				PRODUCT_NAME = Testing;
				WRAPPER_EXTENSION = octest;
				ZERO_LINK = NO;
			};
			name = Release;
		};
/* End XCBuildConfiguration section */

/* Begin XCConfigurationList section */
		1DEB913A08733D840010E9CD /* Build configuration list for PBXNativeTarget "vImputManager" */ = {
			isa = XCConfigurationList;
			buildConfigurations = (
				1DEB913B08733D840010E9CD /* Debug */,
				1DEB913C08733D840010E9CD /* Release */,
			);
			defaultConfigurationIsVisible = 0;
			defaultConfigurationName = Release;
		};
		1DEB913E08733D840010E9CD /* Build configuration list for PBXProject "vImputManager" */ = {
			isa = XCConfigurationList;
			buildConfigurations = (
				1DEB913F08733D840010E9CD /* Debug */,
				1DEB914008733D840010E9CD /* Release */,
			);
			defaultConfigurationIsVisible = 0;
			defaultConfigurationName = Release;
		};
		664140CC10346FEF0017985F /* Build configuration list for PBXNativeTarget "TestApplication" */ = {
			isa = XCConfigurationList;
			buildConfigurations = (
				664140CA10346FEF0017985F /* Debug */,
				664140CB10346FEF0017985F /* Release */,
			);
			defaultConfigurationIsVisible = 0;
			defaultConfigurationName = Release;
		};
		669B29251042B5F000864429 /* Build configuration list for PBXNativeTarget "Testing" */ = {
			isa = XCConfigurationList;
			buildConfigurations = (
				669B29231042B5F000864429 /* Debug */,
				669B29241042B5F000864429 /* Release */,
			);
			defaultConfigurationIsVisible = 0;
			defaultConfigurationName = Release;
		};
/* End XCConfigurationList section */
	};
	rootObject = 089C1669FE841209C02AAC07 /* Project object */;
}
